
Microsoft Visual Studio Solution File, Format Version 12.00
# Visual Studio Version 17
VisualStudioVersion = 17.2.32630.192
MinimumVisualStudioVersion = 10.0.40219.1
Project("{FAE04EC0-301F-11D3-BF4B-00C04F79EFBC}") = "LV_Inspection_System", "LV_Inspection_System\LV_Inspection_System.csproj", "{C11F3EA5-8C8F-455D-A016-734A3EBC2E7F}"
EndProject
Project("{8BC9CEB8-8B4A-11D0-8D11-00A0C91BC942}") = "ImPro_Library", "ImPro_Library\ImPro_Library.vcxproj", "{04B2D9A0-4449-4B64-9BFF-FDD94CCC09E9}"
EndProject
Project("{8BC9CEB8-8B4A-11D0-8D11-00A0C91BC942}") = "ImPro_Library_Clr", "ImPro_Library_Clr\ImPro_Library_Clr.vcxproj", "{6CD5059C-3230-4DDE-94A7-96A7C6DD2E48}"
EndProject
Project("{FAE04EC0-301F-11D3-BF4B-00C04F79EFBC}") = "ctrBaslerCam", "ctrBaslerCam\ctrBaslerCam.csproj", "{1831139B-7357-4BD3-BAD1-FC2F7BA1DD24}"
EndProject
Project("{FAE04EC0-301F-11D3-BF4B-00C04F79EFBC}") = "Pylon.NETSupportLibrary", "Pylon.NETSupportLibrary\Pylon.NETSupportLibrary.csproj", "{3EAFC9F5-D49F-4F9F-86C8-FBD231B07D2E}"
EndProject
Project("{F184B08F-C81C-45F6-A57F-5ABD9991F28F}") = "ImageControlBox", "Queens_ImageControl\ImageControlBox.vbproj", "{73B6253B-FFAD-47B8-A66C-059C99752689}"
EndProject
Project("{FAE04EC0-301F-11D3-BF4B-00C04F79EFBC}") = "AlphaForms_2010", "AlphaForms\AlphaForms_2010.csproj", "{E5B368EE-995A-4A7F-9CBA-25D81D07F97D}"
EndProject
Project("{FAE04EC0-301F-11D3-BF4B-00C04F79EFBC}") = "Cyotek.Windows.Forms.ImageBox", "Cyotek.Windows.Forms.ImageBox\Cyotek.Windows.Forms.ImageBox.csproj", "{4159C8D3-C18D-4BED-8BE6-9BAD1B0CA4F6}"
EndProject
Global
	GlobalSection(SolutionConfigurationPlatforms) = preSolution
		Debug|Any CPU = Debug|Any CPU
		Debug|Mixed Platforms = Debug|Mixed Platforms
		Debug|Win32 = Debug|Win32
		Debug|x64 = Debug|x64
		Debug|x86 = Debug|x86
		Release|Any CPU = Release|Any CPU
		Release|Mixed Platforms = Release|Mixed Platforms
		Release|Win32 = Release|Win32
		Release|x64 = Release|x64
		Release|x86 = Release|x86
		x64|Any CPU = x64|Any CPU
		x64|Mixed Platforms = x64|Mixed Platforms
		x64|Win32 = x64|Win32
		x64|x64 = x64|x64
		x64|x86 = x64|x86
	EndGlobalSection
	GlobalSection(ProjectConfigurationPlatforms) = postSolution
		{C11F3EA5-8C8F-455D-A016-734A3EBC2E7F}.Debug|Any CPU.ActiveCfg = Debug|x86
		{C11F3EA5-8C8F-455D-A016-734A3EBC2E7F}.Debug|Mixed Platforms.ActiveCfg = Debug|x86
		{C11F3EA5-8C8F-455D-A016-734A3EBC2E7F}.Debug|Mixed Platforms.Build.0 = Debug|x86
		{C11F3EA5-8C8F-455D-A016-734A3EBC2E7F}.Debug|Win32.ActiveCfg = Debug|x86
		{C11F3EA5-8C8F-455D-A016-734A3EBC2E7F}.Debug|x64.ActiveCfg = Debug|x64
		{C11F3EA5-8C8F-455D-A016-734A3EBC2E7F}.Debug|x86.ActiveCfg = Debug|x86
		{C11F3EA5-8C8F-455D-A016-734A3EBC2E7F}.Debug|x86.Build.0 = Debug|x86
		{C11F3EA5-8C8F-455D-A016-734A3EBC2E7F}.Release|Any CPU.ActiveCfg = Release|x86
		{C11F3EA5-8C8F-455D-A016-734A3EBC2E7F}.Release|Mixed Platforms.ActiveCfg = Release|x86
		{C11F3EA5-8C8F-455D-A016-734A3EBC2E7F}.Release|Mixed Platforms.Build.0 = Release|x86
		{C11F3EA5-8C8F-455D-A016-734A3EBC2E7F}.Release|Win32.ActiveCfg = Release|x86
		{C11F3EA5-8C8F-455D-A016-734A3EBC2E7F}.Release|x64.ActiveCfg = Release|x64
		{C11F3EA5-8C8F-455D-A016-734A3EBC2E7F}.Release|x64.Build.0 = Release|x64
		{C11F3EA5-8C8F-455D-A016-734A3EBC2E7F}.Release|x86.ActiveCfg = Release|x86
		{C11F3EA5-8C8F-455D-A016-734A3EBC2E7F}.Release|x86.Build.0 = Release|x86
		{C11F3EA5-8C8F-455D-A016-734A3EBC2E7F}.x64|Any CPU.ActiveCfg = x64|x86
		{C11F3EA5-8C8F-455D-A016-734A3EBC2E7F}.x64|Mixed Platforms.ActiveCfg = x64|x86
		{C11F3EA5-8C8F-455D-A016-734A3EBC2E7F}.x64|Mixed Platforms.Build.0 = x64|x86
		{C11F3EA5-8C8F-455D-A016-734A3EBC2E7F}.x64|Win32.ActiveCfg = x64|x86
		{C11F3EA5-8C8F-455D-A016-734A3EBC2E7F}.x64|Win32.Build.0 = x64|x86
		{C11F3EA5-8C8F-455D-A016-734A3EBC2E7F}.x64|x64.ActiveCfg = x64|x64
		{C11F3EA5-8C8F-455D-A016-734A3EBC2E7F}.x64|x86.ActiveCfg = x64|x86
		{C11F3EA5-8C8F-455D-A016-734A3EBC2E7F}.x64|x86.Build.0 = x64|x86
		{04B2D9A0-4449-4B64-9BFF-FDD94CCC09E9}.Debug|Any CPU.ActiveCfg = Debug|Win32
		{04B2D9A0-4449-4B64-9BFF-FDD94CCC09E9}.Debug|Mixed Platforms.ActiveCfg = Debug|Win32
		{04B2D9A0-4449-4B64-9BFF-FDD94CCC09E9}.Debug|Mixed Platforms.Build.0 = Debug|Win32
		{04B2D9A0-4449-4B64-9BFF-FDD94CCC09E9}.Debug|Win32.ActiveCfg = Debug|Win32
		{04B2D9A0-4449-4B64-9BFF-FDD94CCC09E9}.Debug|Win32.Build.0 = Debug|Win32
		{04B2D9A0-4449-4B64-9BFF-FDD94CCC09E9}.Debug|x64.ActiveCfg = Debug|x64
		{04B2D9A0-4449-4B64-9BFF-FDD94CCC09E9}.Debug|x86.ActiveCfg = Debug|Win32
		{04B2D9A0-4449-4B64-9BFF-FDD94CCC09E9}.Release|Any CPU.ActiveCfg = Release|Win32
		{04B2D9A0-4449-4B64-9BFF-FDD94CCC09E9}.Release|Mixed Platforms.ActiveCfg = Release|Win32
		{04B2D9A0-4449-4B64-9BFF-FDD94CCC09E9}.Release|Mixed Platforms.Build.0 = Release|Win32
		{04B2D9A0-4449-4B64-9BFF-FDD94CCC09E9}.Release|Win32.ActiveCfg = Release|Win32
		{04B2D9A0-4449-4B64-9BFF-FDD94CCC09E9}.Release|Win32.Build.0 = Release|Win32
		{04B2D9A0-4449-4B64-9BFF-FDD94CCC09E9}.Release|x64.ActiveCfg = Release|x64
		{04B2D9A0-4449-4B64-9BFF-FDD94CCC09E9}.Release|x64.Build.0 = Release|x64
		{04B2D9A0-4449-4B64-9BFF-FDD94CCC09E9}.Release|x86.ActiveCfg = Release|Win32
		{04B2D9A0-4449-4B64-9BFF-FDD94CCC09E9}.x64|Any CPU.ActiveCfg = x64|Win32
		{04B2D9A0-4449-4B64-9BFF-FDD94CCC09E9}.x64|Mixed Platforms.ActiveCfg = x64|Win32
		{04B2D9A0-4449-4B64-9BFF-FDD94CCC09E9}.x64|Mixed Platforms.Build.0 = x64|Win32
		{04B2D9A0-4449-4B64-9BFF-FDD94CCC09E9}.x64|Win32.ActiveCfg = x64|Win32
		{04B2D9A0-4449-4B64-9BFF-FDD94CCC09E9}.x64|Win32.Build.0 = x64|Win32
		{04B2D9A0-4449-4B64-9BFF-FDD94CCC09E9}.x64|x64.ActiveCfg = x64|x64
		{04B2D9A0-4449-4B64-9BFF-FDD94CCC09E9}.x64|x86.ActiveCfg = x64|Win32
		{04B2D9A0-4449-4B64-9BFF-FDD94CCC09E9}.x64|x86.Build.0 = x64|Win32
		{6CD5059C-3230-4DDE-94A7-96A7C6DD2E48}.Debug|Any CPU.ActiveCfg = Debug|Win32
		{6CD5059C-3230-4DDE-94A7-96A7C6DD2E48}.Debug|Mixed Platforms.ActiveCfg = Debug|Win32
		{6CD5059C-3230-4DDE-94A7-96A7C6DD2E48}.Debug|Mixed Platforms.Build.0 = Debug|Win32
		{6CD5059C-3230-4DDE-94A7-96A7C6DD2E48}.Debug|Win32.ActiveCfg = Debug|Win32
		{6CD5059C-3230-4DDE-94A7-96A7C6DD2E48}.Debug|Win32.Build.0 = Debug|Win32
		{6CD5059C-3230-4DDE-94A7-96A7C6DD2E48}.Debug|x64.ActiveCfg = Debug|x64
		{6CD5059C-3230-4DDE-94A7-96A7C6DD2E48}.Debug|x86.ActiveCfg = Debug|Win32
		{6CD5059C-3230-4DDE-94A7-96A7C6DD2E48}.Release|Any CPU.ActiveCfg = Release|Win32
		{6CD5059C-3230-4DDE-94A7-96A7C6DD2E48}.Release|Mixed Platforms.ActiveCfg = Release|Win32
		{6CD5059C-3230-4DDE-94A7-96A7C6DD2E48}.Release|Mixed Platforms.Build.0 = Release|Win32
		{6CD5059C-3230-4DDE-94A7-96A7C6DD2E48}.Release|Win32.ActiveCfg = Release|Win32
		{6CD5059C-3230-4DDE-94A7-96A7C6DD2E48}.Release|Win32.Build.0 = Release|Win32
		{6CD5059C-3230-4DDE-94A7-96A7C6DD2E48}.Release|x64.ActiveCfg = Release|x64
		{6CD5059C-3230-4DDE-94A7-96A7C6DD2E48}.Release|x64.Build.0 = Release|x64
		{6CD5059C-3230-4DDE-94A7-96A7C6DD2E48}.Release|x86.ActiveCfg = Release|Win32
		{6CD5059C-3230-4DDE-94A7-96A7C6DD2E48}.x64|Any CPU.ActiveCfg = x64|Win32
		{6CD5059C-3230-4DDE-94A7-96A7C6DD2E48}.x64|Mixed Platforms.ActiveCfg = x64|Win32
		{6CD5059C-3230-4DDE-94A7-96A7C6DD2E48}.x64|Mixed Platforms.Build.0 = x64|Win32
		{6CD5059C-3230-4DDE-94A7-96A7C6DD2E48}.x64|Win32.ActiveCfg = x64|Win32
		{6CD5059C-3230-4DDE-94A7-96A7C6DD2E48}.x64|Win32.Build.0 = x64|Win32
		{6CD5059C-3230-4DDE-94A7-96A7C6DD2E48}.x64|x64.ActiveCfg = x64|x64
		{6CD5059C-3230-4DDE-94A7-96A7C6DD2E48}.x64|x86.ActiveCfg = x64|Win32
		{6CD5059C-3230-4DDE-94A7-96A7C6DD2E48}.x64|x86.Build.0 = x64|Win32
		{1831139B-7357-4BD3-BAD1-FC2F7BA1DD24}.Debug|Any CPU.ActiveCfg = Debug|Any CPU
		{1831139B-7357-4BD3-BAD1-FC2F7BA1DD24}.Debug|Any CPU.Build.0 = Debug|Any CPU
		{1831139B-7357-4BD3-BAD1-FC2F7BA1DD24}.Debug|Mixed Platforms.ActiveCfg = Debug|Any CPU
		{1831139B-7357-4BD3-BAD1-FC2F7BA1DD24}.Debug|Mixed Platforms.Build.0 = Debug|Any CPU
		{1831139B-7357-4BD3-BAD1-FC2F7BA1DD24}.Debug|Win32.ActiveCfg = Debug|Any CPU
		{1831139B-7357-4BD3-BAD1-FC2F7BA1DD24}.Debug|x64.ActiveCfg = Debug|x64
		{1831139B-7357-4BD3-BAD1-FC2F7BA1DD24}.Debug|x64.Build.0 = Debug|x64
		{1831139B-7357-4BD3-BAD1-FC2F7BA1DD24}.Debug|x86.ActiveCfg = Debug|Any CPU
		{1831139B-7357-4BD3-BAD1-FC2F7BA1DD24}.Release|Any CPU.ActiveCfg = Release|Any CPU
		{1831139B-7357-4BD3-BAD1-FC2F7BA1DD24}.Release|Any CPU.Build.0 = Release|Any CPU
		{1831139B-7357-4BD3-BAD1-FC2F7BA1DD24}.Release|Mixed Platforms.ActiveCfg = Release|Any CPU
		{1831139B-7357-4BD3-BAD1-FC2F7BA1DD24}.Release|Mixed Platforms.Build.0 = Release|Any CPU
		{1831139B-7357-4BD3-BAD1-FC2F7BA1DD24}.Release|Win32.ActiveCfg = Release|Any CPU
		{1831139B-7357-4BD3-BAD1-FC2F7BA1DD24}.Release|x64.ActiveCfg = Release|Any CPU
		{1831139B-7357-4BD3-BAD1-FC2F7BA1DD24}.Release|x64.Build.0 = Release|Any CPU
		{1831139B-7357-4BD3-BAD1-FC2F7BA1DD24}.Release|x86.ActiveCfg = Release|Any CPU
		{1831139B-7357-4BD3-BAD1-FC2F7BA1DD24}.x64|Any CPU.ActiveCfg = x64|Any CPU
		{1831139B-7357-4BD3-BAD1-FC2F7BA1DD24}.x64|Any CPU.Build.0 = x64|Any CPU
		{1831139B-7357-4BD3-BAD1-FC2F7BA1DD24}.x64|Mixed Platforms.ActiveCfg = x64|Any CPU
		{1831139B-7357-4BD3-BAD1-FC2F7BA1DD24}.x64|Mixed Platforms.Build.0 = x64|Any CPU
		{1831139B-7357-4BD3-BAD1-FC2F7BA1DD24}.x64|Win32.ActiveCfg = x64|Any CPU
		{1831139B-7357-4BD3-BAD1-FC2F7BA1DD24}.x64|Win32.Build.0 = x64|Any CPU
		{1831139B-7357-4BD3-BAD1-FC2F7BA1DD24}.x64|x64.ActiveCfg = x64|x64
		{1831139B-7357-4BD3-BAD1-FC2F7BA1DD24}.x64|x64.Build.0 = x64|x64
		{1831139B-7357-4BD3-BAD1-FC2F7BA1DD24}.x64|x86.ActiveCfg = x64|Any CPU
		{1831139B-7357-4BD3-BAD1-FC2F7BA1DD24}.x64|x86.Build.0 = x64|Any CPU
		{3EAFC9F5-D49F-4F9F-86C8-FBD231B07D2E}.Debug|Any CPU.ActiveCfg = Debug|Any CPU
		{3EAFC9F5-D49F-4F9F-86C8-FBD231B07D2E}.Debug|Any CPU.Build.0 = Debug|Any CPU
		{3EAFC9F5-D49F-4F9F-86C8-FBD231B07D2E}.Debug|Mixed Platforms.ActiveCfg = Debug|Any CPU
		{3EAFC9F5-D49F-4F9F-86C8-FBD231B07D2E}.Debug|Mixed Platforms.Build.0 = Debug|Any CPU
		{3EAFC9F5-D49F-4F9F-86C8-FBD231B07D2E}.Debug|Win32.ActiveCfg = Debug|Any CPU
		{3EAFC9F5-D49F-4F9F-86C8-FBD231B07D2E}.Debug|x64.ActiveCfg = Debug|x64
		{3EAFC9F5-D49F-4F9F-86C8-FBD231B07D2E}.Debug|x64.Build.0 = Debug|x64
		{3EAFC9F5-D49F-4F9F-86C8-FBD231B07D2E}.Debug|x86.ActiveCfg = Debug|Any CPU
		{3EAFC9F5-D49F-4F9F-86C8-FBD231B07D2E}.Release|Any CPU.ActiveCfg = Release|Any CPU
		{3EAFC9F5-D49F-4F9F-86C8-FBD231B07D2E}.Release|Any CPU.Build.0 = Release|Any CPU
		{3EAFC9F5-D49F-4F9F-86C8-FBD231B07D2E}.Release|Mixed Platforms.ActiveCfg = Release|Any CPU
		{3EAFC9F5-D49F-4F9F-86C8-FBD231B07D2E}.Release|Mixed Platforms.Build.0 = Release|Any CPU
		{3EAFC9F5-D49F-4F9F-86C8-FBD231B07D2E}.Release|Win32.ActiveCfg = Release|Any CPU
		{3EAFC9F5-D49F-4F9F-86C8-FBD231B07D2E}.Release|x64.ActiveCfg = Release|Any CPU
		{3EAFC9F5-D49F-4F9F-86C8-FBD231B07D2E}.Release|x64.Build.0 = Release|Any CPU
		{3EAFC9F5-D49F-4F9F-86C8-FBD231B07D2E}.Release|x86.ActiveCfg = Release|Any CPU
		{3EAFC9F5-D49F-4F9F-86C8-FBD231B07D2E}.x64|Any CPU.ActiveCfg = x64|Any CPU
		{3EAFC9F5-D49F-4F9F-86C8-FBD231B07D2E}.x64|Any CPU.Build.0 = x64|Any CPU
		{3EAFC9F5-D49F-4F9F-86C8-FBD231B07D2E}.x64|Mixed Platforms.ActiveCfg = x64|Any CPU
		{3EAFC9F5-D49F-4F9F-86C8-FBD231B07D2E}.x64|Mixed Platforms.Build.0 = x64|Any CPU
		{3EAFC9F5-D49F-4F9F-86C8-FBD231B07D2E}.x64|Win32.ActiveCfg = x64|Any CPU
		{3EAFC9F5-D49F-4F9F-86C8-FBD231B07D2E}.x64|Win32.Build.0 = x64|Any CPU
		{3EAFC9F5-D49F-4F9F-86C8-FBD231B07D2E}.x64|x64.ActiveCfg = x64|x64
		{3EAFC9F5-D49F-4F9F-86C8-FBD231B07D2E}.x64|x64.Build.0 = x64|x64
		{3EAFC9F5-D49F-4F9F-86C8-FBD231B07D2E}.x64|x86.ActiveCfg = x64|Any CPU
		{3EAFC9F5-D49F-4F9F-86C8-FBD231B07D2E}.x64|x86.Build.0 = x64|Any CPU
		{73B6253B-FFAD-47B8-A66C-059C99752689}.Debug|Any CPU.ActiveCfg = Debug|Any CPU
		{73B6253B-FFAD-47B8-A66C-059C99752689}.Debug|Any CPU.Build.0 = Debug|Any CPU
		{73B6253B-FFAD-47B8-A66C-059C99752689}.Debug|Mixed Platforms.ActiveCfg = Debug|Any CPU
		{73B6253B-FFAD-47B8-A66C-059C99752689}.Debug|Mixed Platforms.Build.0 = Debug|Any CPU
		{73B6253B-FFAD-47B8-A66C-059C99752689}.Debug|Win32.ActiveCfg = Debug|Any CPU
		{73B6253B-FFAD-47B8-A66C-059C99752689}.Debug|x64.ActiveCfg = Debug|x64
		{73B6253B-FFAD-47B8-A66C-059C99752689}.Debug|x64.Build.0 = Debug|x64
		{73B6253B-FFAD-47B8-A66C-059C99752689}.Debug|x86.ActiveCfg = Debug|Any CPU
		{73B6253B-FFAD-47B8-A66C-059C99752689}.Release|Any CPU.ActiveCfg = Release|Any CPU
		{73B6253B-FFAD-47B8-A66C-059C99752689}.Release|Any CPU.Build.0 = Release|Any CPU
		{73B6253B-FFAD-47B8-A66C-059C99752689}.Release|Mixed Platforms.ActiveCfg = Release|Any CPU
		{73B6253B-FFAD-47B8-A66C-059C99752689}.Release|Mixed Platforms.Build.0 = Release|Any CPU
		{73B6253B-FFAD-47B8-A66C-059C99752689}.Release|Win32.ActiveCfg = Release|Any CPU
		{73B6253B-FFAD-47B8-A66C-059C99752689}.Release|x64.ActiveCfg = Release|Any CPU
		{73B6253B-FFAD-47B8-A66C-059C99752689}.Release|x64.Build.0 = Release|Any CPU
		{73B6253B-FFAD-47B8-A66C-059C99752689}.Release|x86.ActiveCfg = Release|Any CPU
		{73B6253B-FFAD-47B8-A66C-059C99752689}.x64|Any CPU.ActiveCfg = x64|Any CPU
		{73B6253B-FFAD-47B8-A66C-059C99752689}.x64|Any CPU.Build.0 = x64|Any CPU
		{73B6253B-FFAD-47B8-A66C-059C99752689}.x64|Mixed Platforms.ActiveCfg = x64|Any CPU
		{73B6253B-FFAD-47B8-A66C-059C99752689}.x64|Mixed Platforms.Build.0 = x64|Any CPU
		{73B6253B-FFAD-47B8-A66C-059C99752689}.x64|Win32.ActiveCfg = x64|Any CPU
		{73B6253B-FFAD-47B8-A66C-059C99752689}.x64|Win32.Build.0 = x64|Any CPU
		{73B6253B-FFAD-47B8-A66C-059C99752689}.x64|x64.ActiveCfg = x64|x64
		{73B6253B-FFAD-47B8-A66C-059C99752689}.x64|x64.Build.0 = x64|x64
		{73B6253B-FFAD-47B8-A66C-059C99752689}.x64|x86.ActiveCfg = x64|Any CPU
		{73B6253B-FFAD-47B8-A66C-059C99752689}.x64|x86.Build.0 = x64|Any CPU
		{E5B368EE-995A-4A7F-9CBA-25D81D07F97D}.Debug|Any CPU.ActiveCfg = Debug|Any CPU
		{E5B368EE-995A-4A7F-9CBA-25D81D07F97D}.Debug|Any CPU.Build.0 = Debug|Any CPU
		{E5B368EE-995A-4A7F-9CBA-25D81D07F97D}.Debug|Mixed Platforms.ActiveCfg = Debug|Any CPU
		{E5B368EE-995A-4A7F-9CBA-25D81D07F97D}.Debug|Mixed Platforms.Build.0 = Debug|Any CPU
		{E5B368EE-995A-4A7F-9CBA-25D81D07F97D}.Debug|Win32.ActiveCfg = Debug|Any CPU
		{E5B368EE-995A-4A7F-9CBA-25D81D07F97D}.Debug|x64.ActiveCfg = Debug|x64
		{E5B368EE-995A-4A7F-9CBA-25D81D07F97D}.Debug|x64.Build.0 = Debug|x64
		{E5B368EE-995A-4A7F-9CBA-25D81D07F97D}.Debug|x86.ActiveCfg = Debug|Any CPU
		{E5B368EE-995A-4A7F-9CBA-25D81D07F97D}.Release|Any CPU.ActiveCfg = Release|Any CPU
		{E5B368EE-995A-4A7F-9CBA-25D81D07F97D}.Release|Any CPU.Build.0 = Release|Any CPU
		{E5B368EE-995A-4A7F-9CBA-25D81D07F97D}.Release|Mixed Platforms.ActiveCfg = Release|Any CPU
		{E5B368EE-995A-4A7F-9CBA-25D81D07F97D}.Release|Mixed Platforms.Build.0 = Release|Any CPU
		{E5B368EE-995A-4A7F-9CBA-25D81D07F97D}.Release|Win32.ActiveCfg = Release|Any CPU
		{E5B368EE-995A-4A7F-9CBA-25D81D07F97D}.Release|x64.ActiveCfg = Release|Any CPU
		{E5B368EE-995A-4A7F-9CBA-25D81D07F97D}.Release|x64.Build.0 = Release|Any CPU
		{E5B368EE-995A-4A7F-9CBA-25D81D07F97D}.Release|x86.ActiveCfg = Release|Any CPU
		{E5B368EE-995A-4A7F-9CBA-25D81D07F97D}.x64|Any CPU.ActiveCfg = x64|Any CPU
		{E5B368EE-995A-4A7F-9CBA-25D81D07F97D}.x64|Any CPU.Build.0 = x64|Any CPU
		{E5B368EE-995A-4A7F-9CBA-25D81D07F97D}.x64|Mixed Platforms.ActiveCfg = x64|Any CPU
		{E5B368EE-995A-4A7F-9CBA-25D81D07F97D}.x64|Mixed Platforms.Build.0 = x64|Any CPU
		{E5B368EE-995A-4A7F-9CBA-25D81D07F97D}.x64|Win32.ActiveCfg = x64|Any CPU
		{E5B368EE-995A-4A7F-9CBA-25D81D07F97D}.x64|Win32.Build.0 = x64|Any CPU
		{E5B368EE-995A-4A7F-9CBA-25D81D07F97D}.x64|x64.ActiveCfg = x64|x64
		{E5B368EE-995A-4A7F-9CBA-25D81D07F97D}.x64|x64.Build.0 = x64|x64
		{E5B368EE-995A-4A7F-9CBA-25D81D07F97D}.x64|x86.ActiveCfg = x64|Any CPU
		{E5B368EE-995A-4A7F-9CBA-25D81D07F97D}.x64|x86.Build.0 = x64|Any CPU
		{4159C8D3-C18D-4BED-8BE6-9BAD1B0CA4F6}.Debug|Any CPU.ActiveCfg = Debug|Any CPU
		{4159C8D3-C18D-4BED-8BE6-9BAD1B0CA4F6}.Debug|Any CPU.Build.0 = Debug|Any CPU
		{4159C8D3-C18D-4BED-8BE6-9BAD1B0CA4F6}.Debug|Mixed Platforms.ActiveCfg = Debug|Any CPU
		{4159C8D3-C18D-4BED-8BE6-9BAD1B0CA4F6}.Debug|Mixed Platforms.Build.0 = Debug|Any CPU
		{4159C8D3-C18D-4BED-8BE6-9BAD1B0CA4F6}.Debug|Win32.ActiveCfg = Debug|Any CPU
		{4159C8D3-C18D-4BED-8BE6-9BAD1B0CA4F6}.Debug|x64.ActiveCfg = Debug|x64
		{4159C8D3-C18D-4BED-8BE6-9BAD1B0CA4F6}.Debug|x64.Build.0 = Debug|x64
		{4159C8D3-C18D-4BED-8BE6-9BAD1B0CA4F6}.Debug|x86.ActiveCfg = Debug|Any CPU
		{4159C8D3-C18D-4BED-8BE6-9BAD1B0CA4F6}.Release|Any CPU.ActiveCfg = Release|Any CPU
		{4159C8D3-C18D-4BED-8BE6-9BAD1B0CA4F6}.Release|Any CPU.Build.0 = Release|Any CPU
		{4159C8D3-C18D-4BED-8BE6-9BAD1B0CA4F6}.Release|Mixed Platforms.ActiveCfg = Release|Any CPU
		{4159C8D3-C18D-4BED-8BE6-9BAD1B0CA4F6}.Release|Mixed Platforms.Build.0 = Release|Any CPU
		{4159C8D3-C18D-4BED-8BE6-9BAD1B0CA4F6}.Release|Win32.ActiveCfg = Release|Any CPU
		{4159C8D3-C18D-4BED-8BE6-9BAD1B0CA4F6}.Release|x64.ActiveCfg = Release|Any CPU
		{4159C8D3-C18D-4BED-8BE6-9BAD1B0CA4F6}.Release|x64.Build.0 = Release|Any CPU
		{4159C8D3-C18D-4BED-8BE6-9BAD1B0CA4F6}.Release|x86.ActiveCfg = Release|Any CPU
		{4159C8D3-C18D-4BED-8BE6-9BAD1B0CA4F6}.x64|Any CPU.ActiveCfg = x64|Any CPU
		{4159C8D3-C18D-4BED-8BE6-9BAD1B0CA4F6}.x64|Any CPU.Build.0 = x64|Any CPU
		{4159C8D3-C18D-4BED-8BE6-9BAD1B0CA4F6}.x64|Mixed Platforms.ActiveCfg = x64|Any CPU
		{4159C8D3-C18D-4BED-8BE6-9BAD1B0CA4F6}.x64|Mixed Platforms.Build.0 = x64|Any CPU
		{4159C8D3-C18D-4BED-8BE6-9BAD1B0CA4F6}.x64|Win32.ActiveCfg = x64|Any CPU
		{4159C8D3-C18D-4BED-8BE6-9BAD1B0CA4F6}.x64|Win32.Build.0 = x64|Any CPU
		{4159C8D3-C18D-4BED-8BE6-9BAD1B0CA4F6}.x64|x64.ActiveCfg = x64|x64
		{4159C8D3-C18D-4BED-8BE6-9BAD1B0CA4F6}.x64|x64.Build.0 = x64|x64
		{4159C8D3-C18D-4BED-8BE6-9BAD1B0CA4F6}.x64|x86.ActiveCfg = x64|Any CPU
		{4159C8D3-C18D-4BED-8BE6-9BAD1B0CA4F6}.x64|x86.Build.0 = x64|Any CPU
	EndGlobalSection
	GlobalSection(SolutionProperties) = preSolution
		HideSolutionNode = FALSE
	EndGlobalSection
	GlobalSection(ExtensibilityGlobals) = postSolution
		SolutionGuid = {FE34D5E6-875D-4EA3-8527-79AF0F8903B0}
	EndGlobalSection
EndGlobal
